// !$*UTF8*$!
{
	archiveVersion = 1;
	classes = {
	};
	objectVersion = 55;
	objects = {

/* Begin PBXBuildFile section */
		1178BF97279C1FF600E939EF /* AppDelegate.swift in Sources */ = {isa = PBXBuildFile; fileRef = 1178BF96279C1FF600E939EF /* AppDelegate.swift */; };
		1178BF99279C1FF600E939EF /* SceneDelegate.swift in Sources */ = {isa = PBXBuildFile; fileRef = 1178BF98279C1FF600E939EF /* SceneDelegate.swift */; };
		1178BF9B279C1FF600E939EF /* ViewController.swift in Sources */ = {isa = PBXBuildFile; fileRef = 1178BF9A279C1FF600E939EF /* ViewController.swift */; };
		1178BF9E279C1FF600E939EF /* Main.storyboard in Resources */ = {isa = PBXBuildFile; fileRef = 1178BF9C279C1FF600E939EF /* Main.storyboard */; };
		1178BFA0279C1FF800E939EF /* Assets.xcassets in Resources */ = {isa = PBXBuildFile; fileRef = 1178BF9F279C1FF800E939EF /* Assets.xcassets */; };
		1178BFA3279C1FF800E939EF /* LaunchScreen.storyboard in Resources */ = {isa = PBXBuildFile; fileRef = 1178BFA1279C1FF800E939EF /* LaunchScreen.storyboard */; };
		1178BFAF279D9FC600E939EF /* iPadPortraitMode.png in Resources */ = {isa = PBXBuildFile; fileRef = 1178BFAB279D9FC600E939EF /* iPadPortraitMode.png */; };
		1178BFB0279D9FC600E939EF /* iPadLanscapeMode.png in Resources */ = {isa = PBXBuildFile; fileRef = 1178BFAC279D9FC600E939EF /* iPadLanscapeMode.png */; };
		1178BFB1279D9FC600E939EF /* iPhoneLanscapeMode.png in Resources */ = {isa = PBXBuildFile; fileRef = 1178BFAD279D9FC600E939EF /* iPhoneLanscapeMode.png */; };
		1178BFB2279D9FC600E939EF /* iPhonePortraitMode.png in Resources */ = {isa = PBXBuildFile; fileRef = 1178BFAE279D9FC600E939EF /* iPhonePortraitMode.png */; };
		11C3477327A6935F00A7E292 /* README.md in Resources */ = {isa = PBXBuildFile; fileRef = 11C3477227A6935F00A7E292 /* README.md */; };
/* End PBXBuildFile section */

/* Begin PBXFileReference section */
		1178BF93279C1FF600E939EF /* Calculator In iOS.app */ = {isa = PBXFileReference; explicitFileType = wrapper.application; includeInIndex = 0; path = "Calculator In iOS.app"; sourceTree = BUILT_PRODUCTS_DIR; };
		1178BF96279C1FF600E939EF /* AppDelegate.swift */ = {isa = PBXFileReference; lastKnownFileType = sourcecode.swift; path = AppDelegate.swift; sourceTree = "<group>"; };
		1178BF98279C1FF600E939EF /* SceneDelegate.swift */ = {isa = PBXFileReference; lastKnownFileType = sourcecode.swift; path = SceneDelegate.swift; sourceTree = "<group>"; };
		1178BF9A279C1FF600E939EF /* ViewController.swift */ = {isa = PBXFileReference; lastKnownFileType = sourcecode.swift; path = ViewController.swift; sourceTree = "<group>"; };
		1178BF9D279C1FF600E939EF /* Base */ = {isa = PBXFileReference; lastKnownFileType = file.storyboard; name = Base; path = Base.lproj/Main.storyboard; sourceTree = "<group>"; };
		1178BF9F279C1FF800E939EF /* Assets.xcassets */ = {isa = PBXFileReference; lastKnownFileType = folder.assetcatalog; path = Assets.xcassets; sourceTree = "<group>"; };
		1178BFA2279C1FF800E939EF /* Base */ = {isa = PBXFileReference; lastKnownFileType = file.storyboard; name = Base; path = Base.lproj/LaunchScreen.storyboard; sourceTree = "<group>"; };
		1178BFA4279C1FF800E939EF /* Info.plist */ = {isa = PBXFileReference; lastKnownFileType = text.plist.xml; path = Info.plist; sourceTree = "<group>"; };
		1178BFAB279D9FC600E939EF /* iPadPortraitMode.png */ = {isa = PBXFileReference; lastKnownFileType = image.png; path = iPadPortraitMode.png; sourceTree = "<group>"; };
		1178BFAC279D9FC600E939EF /* iPadLanscapeMode.png */ = {isa = PBXFileReference; lastKnownFileType = image.png; path = iPadLanscapeMode.png; sourceTree = "<group>"; };
		1178BFAD279D9FC600E939EF /* iPhoneLanscapeMode.png */ = {isa = PBXFileReference; lastKnownFileType = image.png; path = iPhoneLanscapeMode.png; sourceTree = "<group>"; };
		1178BFAE279D9FC600E939EF /* iPhonePortraitMode.png */ = {isa = PBXFileReference; lastKnownFileType = image.png; path = iPhonePortraitMode.png; sourceTree = "<group>"; };
		11C3477227A6935F00A7E292 /* README.md */ = {isa = PBXFileReference; fileEncoding = 4; lastKnownFileType = net.daringfireball.markdown; path = README.md; sourceTree = "<group>"; };
/* End PBXFileReference section */

/* Begin PBXFrameworksBuildPhase section */
		1178BF90279C1FF600E939EF /* Frameworks */ = {
			isa = PBXFrameworksBuildPhase;
			buildActionMask = 2147483647;
			files = (
			);
			runOnlyForDeploymentPostprocessing = 0;
		};
/* End PBXFrameworksBuildPhase section */

/* Begin PBXGroup section */
		1178BF8A279C1FF500E939EF = {
			isa = PBXGroup;
			children = (
				11C3477227A6935F00A7E292 /* README.md */,
				1178BFAA279D9FC600E939EF /* Screenshots */,
				1178BF95279C1FF600E939EF /* Calculator In iOS */,
				1178BF94279C1FF600E939EF /* Products */,
			);
			sourceTree = "<group>";
		};
		1178BF94279C1FF600E939EF /* Products */ = {
			isa = PBXGroup;
			children = (
				1178BF93279C1FF600E939EF /* Calculator In iOS.app */,
			);
			name = Products;
			sourceTree = "<group>";
		};
		1178BF95279C1FF600E939EF /* Calculator In iOS */ = {
			isa = PBXGroup;
			children = (
				1178BF96279C1FF600E939EF /* AppDelegate.swift */,
				1178BF98279C1FF600E939EF /* SceneDelegate.swift */,
				1178BF9A279C1FF600E939EF /* ViewController.swift */,
				1178BF9C279C1FF600E939EF /* Main.storyboard */,
				1178BF9F279C1FF800E939EF /* Assets.xcassets */,
				1178BFA1279C1FF800E939EF /* LaunchScreen.storyboard */,
				1178BFA4279C1FF800E939EF /* Info.plist */,
			);
			path = "Calculator In iOS";
			sourceTree = "<group>";
		};
		1178BFAA279D9FC600E939EF /* Screenshots */ = {
			isa = PBXGroup;
			children = (
				1178BFAB279D9FC600E939EF /* iPadPortraitMode.png */,
				1178BFAC279D9FC600E939EF /* iPadLanscapeMode.png */,
				1178BFAD279D9FC600E939EF /* iPhoneLanscapeMode.png */,
				1178BFAE279D9FC600E939EF /* iPhonePortraitMode.png */,
			);
			path = Screenshots;
			sourceTree = "<group>";
		};
/* End PBXGroup section */

/* Begin PBXNativeTarget section */
		1178BF92279C1FF600E939EF /* Calculator In iOS */ = {
			isa = PBXNativeTarget;
			buildConfigurationList = 1178BFA7279C1FF800E939EF /* Build configuration list for PBXNativeTarget "Calculator In iOS" */;
			buildPhases = (
				1178BF8F279C1FF600E939EF /* Sources */,
				1178BF90279C1FF600E939EF /* Frameworks */,
				1178BF91279C1FF600E939EF /* Resources */,
			);
			buildRules = (
			);
			dependencies = (
			);
			name = "Calculator In iOS";
			productName = "Calculator In iOS";
			productReference = 1178BF93279C1FF600E939EF /* Calculator In iOS.app */;
			productType = "com.apple.product-type.application";
		};
/* End PBXNativeTarget section */

/* Begin PBXProject section */
		1178BF8B279C1FF500E939EF /* Project object */ = {
			isa = PBXProject;
			attributes = {
				BuildIndependentTargetsInParallel = 1;
				LastSwiftUpdateCheck = 1320;
				LastUpgradeCheck = 1320;
				TargetAttributes = {
					1178BF92279C1FF600E939EF = {
						CreatedOnToolsVersion = 13.2.1;
					};
				};
			};
			buildConfigurationList = 1178BF8E279C1FF500E939EF /* Build configuration list for PBXProject "Calculator In iOS" */;
			compatibilityVersion = "Xcode 13.0";
			developmentRegion = en;
			hasScannedForEncodings = 0;
			knownRegions = (
				en,
				Base,
			);
			mainGroup = 1178BF8A279C1FF500E939EF;
			productRefGroup = 1178BF94279C1FF600E939EF /* Products */;
			projectDirPath = "";
			projectRoot = "";
			targets = (
				1178BF92279C1FF600E939EF /* Calculator In iOS */,
			);
		};
/* End PBXProject section */

/* Begin PBXResourcesBuildPhase section */
		1178BF91279C1FF600E939EF /* Resources */ = {
			isa = PBXResourcesBuildPhase;
			buildActionMask = 2147483647;
			files = (
				1178BFB0279D9FC600E939EF /* iPadLanscapeMode.png in Resources */,
				1178BFA3279C1FF800E939EF /* LaunchScreen.storyboard in Resources */,
				1178BFB1279D9FC600E939EF /* iPhoneLanscapeMode.png in Resources */,
				1178BFB2279D9FC600E939EF /* iPhonePortraitMode.png in Resources */,
				1178BFA0279C1FF800E939EF /* Assets.xcassets in Resources */,
				1178BF9E279C1FF600E939EF /* Main.storyboard in Resources */,
				11C3477327A6935F00A7E292 /* README.md in Resources */,
				1178BFAF279D9FC600E939EF /* iPadPortraitMode.png in Resources */,
			);
			runOnlyForDeploymentPostprocessing = 0;
		};
/* End PBXResourcesBuildPhase section */

/* Begin PBXSourcesBuildPhase section */
		1178BF8F279C1FF600E939EF /* Sources */ = {
			isa = PBXSourcesBuildPhase;
			buildActionMask = 2147483647;
			files = (
				1178BF9B279C1FF600E939EF /* ViewController.swift in Sources */,
				1178BF97279C1FF600E939EF /* AppDelegate.swift in Sources */,
				1178BF99279C1FF600E939EF /* SceneDelegate.swift in Sources */,
			);
			runOnlyForDeploymentPostprocessing = 0;
		};
/* End PBXSourcesBuildPhase section */

/* Begin PBXVariantGroup section */
		1178BF9C279C1FF600E939EF /* Main.storyboard */ = {
			isa = PBXVariantGroup;
			children = (
				1178BF9D279C1FF600E939EF /* Base */,
			);
			name = Main.storyboard;
			sourceTree = "<group>";
		};
		1178BFA1279C1FF800E939EF /* LaunchScreen.storyboard */ = {
			isa = PBXVariantGroup;
			children = (
				1178BFA2279C1FF800E939EF /* Base */,
			);
			name = LaunchScreen.storyboard;
			sourceTree = "<group>";
		};
/* End PBXVariantGroup section */

/* Begin XCBuildConfiguration section */
		1178BFA5279C1FF800E939EF /* Debug */ = {
			isa = XCBuildConfiguration;
			buildSettings = {
				ALWAYS_SEARCH_USER_PATHS = NO;
				CLANG_ANALYZER_NONNULL = YES;
				CLANG_ANALYZER_NUMBER_OBJECT_CONVERSION = YES_AGGRESSIVE;
				CLANG_CXX_LANGUAGE_STANDARD = "gnu++17";
				CLANG_CXX_LIBRARY = "libc++";
				CLANG_ENABLE_MODULES = YES;
				CLANG_ENABLE_OBJC_ARC = YES;
				CLANG_ENABLE_OBJC_WEAK = YES;
				CLANG_WARN_BLOCK_CAPTURE_AUTORELEASING = YES;
				CLANG_WARN_BOOL_CONVERSION = YES;
				CLANG_WARN_COMMA = YES;
				CLANG_WARN_CONSTANT_CONVERSION = YES;
				CLANG_WARN_DEPRECATED_OBJC_IMPLEMENTATIONS = YES;
				CLANG_WARN_DIRECT_OBJC_ISA_USAGE = YES_ERROR;
				CLANG_WARN_DOCUMENTATION_COMMENTS = YES;
				CLANG_WARN_EMPTY_BODY = YES;
				CLANG_WARN_ENUM_CONVERSION = YES;
				CLANG_WARN_INFINITE_RECURSION = YES;
				CLANG_WARN_INT_CONVERSION = YES;
				CLANG_WARN_NON_LITERAL_NULL_CONVERSION = YES;
				CLANG_WARN_OBJC_IMPLICIT_RETAIN_SELF = YES;
				CLANG_WARN_OBJC_LITERAL_CONVERSION = YES;
				CLANG_WARN_OBJC_ROOT_CLASS = YES_ERROR;
				CLANG_WARN_QUOTED_INCLUDE_IN_FRAMEWORK_HEADER = YES;
				CLANG_WARN_RANGE_LOOP_ANALYSIS = YES;
				CLANG_WARN_STRICT_PROTOTYPES = YES;
				CLANG_WARN_SUSPICIOUS_MOVE = YES;
				CLANG_WARN_UNGUARDED_AVAILABILITY = YES_AGGRESSIVE;
				CLANG_WARN_UNREACHABLE_CODE = YES;
				CLANG_WARN__DUPLICATE_METHOD_MATCH = YES;
				COPY_PHASE_STRIP = NO;
				DEBUG_INFORMATION_FORMAT = dwarf;
				ENABLE_STRICT_OBJC_MSGSEND = YES;
				ENABLE_TESTABILITY = YES;
				GCC_C_LANGUAGE_STANDARD = gnu11;
				GCC_DYNAMIC_NO_PIC = NO;
				GCC_NO_COMMON_BLOCKS = YES;
				GCC_OPTIMIZATION_LEVEL = 0;
				GCC_PREPROCESSOR_DEFINITIONS = (
					"DEBUG=1",
					"$(inherited)",
				);
				GCC_WARN_64_TO_32_BIT_CONVERSION = YES;
				GCC_WARN_ABOUT_RETURN_TYPE = YES_ERROR;
				GCC_WARN_UNDECLARED_SELECTOR = YES;
				GCC_WARN_UNINITIALIZED_AUTOS = YES_AGGRESSIVE;
				GCC_WARN_UNUSED_FUNCTION = YES;
				GCC_WARN_UNUSED_VARIABLE = YES;
				IPHONEOS_DEPLOYMENT_TARGET = 15.2;
				MTL_ENABLE_DEBUG_INFO = INCLUDE_SOURCE;
				MTL_FAST_MATH = YES;
				ONLY_ACTIVE_ARCH = YES;
				SDKROOT = iphoneos;
				SWIFT_ACTIVE_COMPILATION_CONDITIONS = DEBUG;
				SWIFT_OPTIMIZATION_LEVEL = "-Onone";
			};
			name = Debug;
		};
		1178BFA6279C1FF800E939EF /* Release */ = {
			isa = XCBuildConfiguration;
			buildSettings = {
				ALWAYS_SEARCH_USER_PATHS = NO;
				CLANG_ANALYZER_NONNULL = YES;
				CLANG_ANALYZER_NUMBER_OBJECT_CONVERSION = YES_AGGRESSIVE;
				CLANG_CXX_LANGUAGE_STANDARD = "gnu++17";
				CLANG_CXX_LIBRARY = "libc++";
				CLANG_ENABLE_MODULES = YES;
				CLANG_ENABLE_OBJC_ARC = YES;
				CLANG_ENABLE_OBJC_WEAK = YES;
				CLANG_WARN_BLOCK_CAPTURE_AUTORELEASING = YES;
				CLANG_WARN_BOOL_CONVERSION = YES;
				CLANG_WARN_COMMA = YES;
				CLANG_WARN_CONSTANT_CONVERSION = YES;
				CLANG_WARN_DEPRECATED_OBJC_IMPLEMENTATIONS = YES;
				CLANG_WARN_DIRECT_OBJC_ISA_USAGE = YES_ERROR;
				CLANG_WARN_DOCUMENTATION_COMMENTS = YES;
				CLANG_WARN_EMPTY_BODY = YES;
				CLANG_WARN_ENUM_CONVERSION = YES;
				CLANG_WARN_INFINITE_RECURSION = YES;
				CLANG_WARN_INT_CONVERSION = YES;
				CLANG_WARN_NON_LITERAL_NULL_CONVERSION = YES;
				CLANG_WARN_OBJC_IMPLICIT_RETAIN_SELF = YES;
				CLANG_WARN_OBJC_LITERAL_CONVERSION = YES;
				CLANG_WARN_OBJC_ROOT_CLASS = YES_ERROR;
				CLANG_WARN_QUOTED_INCLUDE_IN_FRAMEWORK_HEADER = YES;
				CLANG_WARN_RANGE_LOOP_ANALYSIS = YES;
				CLANG_WARN_STRICT_PROTOTYPES = YES;
				CLANG_WARN_SUSPICIOUS_MOVE = YES;
				CLANG_WARN_UNGUARDED_AVAILABILITY = YES_AGGRESSIVE;
				CLANG_WARN_UNREACHABLE_CODE = YES;
				CLANG_WARN__DUPLICATE_METHOD_MATCH = YES;
				COPY_PHASE_STRIP = NO;
				DEBUG_INFORMATION_FORMAT = "dwarf-with-dsym";
				ENABLE_NS_ASSERTIONS = NO;
				ENABLE_STRICT_OBJC_MSGSEND = YES;
				GCC_C_LANGUAGE_STANDARD = gnu11;
				GCC_NO_COMMON_BLOCKS = YES;
				GCC_WARN_64_TO_32_BIT_CONVERSION = YES;
				GCC_WARN_ABOUT_RETURN_TYPE = YES_ERROR;
				GCC_WARN_UNDECLARED_SELECTOR = YES;
				GCC_WARN_UNINITIALIZED_AUTOS = YES_AGGRESSIVE;
				GCC_WARN_UNUSED_FUNCTION = YES;
				GCC_WARN_UNUSED_VARIABLE = YES;
				IPHONEOS_DEPLOYMENT_TARGET = 15.2;
				MTL_ENABLE_DEBUG_INFO = NO;
				MTL_FAST_MATH = YES;
				SDKROOT = iphoneos;
				SWIFT_COMPILATION_MODE = wholemodule;
				SWIFT_OPTIMIZATION_LEVEL = "-O";
				VALIDATE_PRODUCT = YES;
			};
			name = Release;
		};
		1178BFA8279C1FF800E939EF /* Debug */ = {
			isa = XCBuildConfiguration;
			buildSettings = {
				ASSETCATALOG_COMPILER_APPICON_NAME = AppIcon;
				ASSETCATALOG_COMPILER_GLOBAL_ACCENT_COLOR_NAME = AccentColor;
				CODE_SIGN_STYLE = Automatic;
				CURRENT_PROJECT_VERSION = 1;
				DEVELOPMENT_TEAM = 9F49W83KP5;
				GENERATE_INFOPLIST_FILE = YES;
				INFOPLIST_FILE = "Calculator In iOS/Info.plist";
				INFOPLIST_KEY_UIApplicationSupportsIndirectInputEvents = YES;
				INFOPLIST_KEY_UILaunchStoryboardName = LaunchScreen;
				INFOPLIST_KEY_UIMainStoryboardFile = Main;
				INFOPLIST_KEY_UISupportedInterfaceOrientations_iPad = "UIInterfaceOrientationPortrait UIInterfaceOrientationPortraitUpsideDown UIInterfaceOrientationLandscapeLeft UIInterfaceOrientationLandscapeRight";
				INFOPLIST_KEY_UISupportedInterfaceOrientations_iPhone = "UIInterfaceOrientationPortrait UIInterfaceOrientationLandscapeLeft UIInterfaceOrientationLandscapeRight";
				LD_RUNPATH_SEARCH_PATHS = (
					"$(inherited)",
					"@executable_path/Frameworks",
				);
				MARKETING_VERSION = 1.0;
				PRODUCT_BUNDLE_IDENTIFIER = "com.manishahire.Calculator-In-iOS";
				PRODUCT_NAME = "$(TARGET_NAME)";
				SWIFT_EMIT_LOC_STRINGS = YES;
				SWIFT_VERSION = 5.0;
				TARGETED_DEVICE_FAMILY = "1,2";
			};
			name = Debug;
		};
		1178BFA9279C1FF800E939EF /* Release */ = {
			isa = XCBuildConfiguration;
			buildSettings = {
				ASSETCATALOG_COMPILER_APPICON_NAME = AppIcon;
				ASSETCATALOG_COMPILER_GLOBAL_ACCENT_COLOR_NAME = AccentColor;
				CODE_SIGN_STYLE = Automatic;
				CURRENT_PROJECT_VERSION = 1;
				DEVELOPMENT_TEAM = 9F49W83KP5;
				GENERATE_INFOPLIST_FILE = YES;
				INFOPLIST_FILE = "Calculator In iOS/Info.plist";
				INFOPLIST_KEY_UIApplicationSupportsIndirectInputEvents = YES;
				INFOPLIST_KEY_UILaunchStoryboardName = LaunchScreen;
				INFOPLIST_KEY_UIMainStoryboardFile = Main;
				INFOPLIST_KEY_UISupportedInterfaceOrientations_iPad = "UIInterfaceOrientationPortrait UIInterfaceOrientationPortraitUpsideDown UIInterfaceOrientationLandscapeLeft UIInterfaceOrientationLandscapeRight";
				INFOPLIST_KEY_UISupportedInterfaceOrientations_iPhone = "UIInterfaceOrientationPortrait UIInterfaceOrientationLandscapeLeft UIInterfaceOrientationLandscapeRight";
				LD_RUNPATH_SEARCH_PATHS = (
					"$(inherited)",
					"@executable_path/Frameworks",
				);
				MARKETING_VERSION = 1.0;
				PRODUCT_BUNDLE_IDENTIFIER = "com.manishahire.Calculator-In-iOS";
				PRODUCT_NAME = "$(TARGET_NAME)";
				SWIFT_EMIT_LOC_STRINGS = YES;
				SWIFT_VERSION = 5.0;
				TARGETED_DEVICE_FAMILY = "1,2";
			};
			name = Release;
		};
/* End XCBuildConfiguration section */

/* Begin XCConfigurationList section */
		1178BF8E279C1FF500E939EF /* Build configuration list for PBXProject "Calculator In iOS" */ = {
			isa = XCConfigurationList;
			buildConfigurations = (
				1178BFA5279C1FF800E939EF /* Debug */,
				1178BFA6279C1FF800E939EF /* Release */,
			);
			defaultConfigurationIsVisible = 0;
			defaultConfigurationName = Release;
		};
		1178BFA7279C1FF800E939EF /* Build configuration list for PBXNativeTarget "Calculator In iOS" */ = {
			isa = XCConfigurationList;
			buildConfigurations = (
				1178BFA8279C1FF800E939EF /* Debug */,
				1178BFA9279C1FF800E939EF /* Release */,
			);
			defaultConfigurationIsVisible = 0;
			defaultConfigurationName = Release;
		};
/* End XCConfigurationList section */
	};
	rootObject = 1178BF8B279C1FF500E939EF /* Project object */;
}
